{
  "name": "agent-cli-updater",
  "version": "0.4.5",
  "lockfileVersion": 3,
  "requires": true,
  "packages": {
    "": {
      "name": "agent-cli-updater",
      "version": "0.4.5",
      "license": "MIT",
      "bin": {
        "agent-cli-updater": "src/cli.js"
      },
      "engines": {
        "node": ">=18"
      }
    }
  }
}
